// !$*UTF8*$!
{
	archiveVersion = 1;
	classes = {
	};
	objectVersion = 46;
	objects = {

/* Begin PBXBuildFile section */
		07FAA2A91C0235F800CC258A /* main.cpp in Sources */ = {isa = PBXBuildFile; fileRef = 07FAA2A81C0235F800CC258A /* main.cpp */; };
/* End PBXBuildFile section */

/* Begin PBXCopyFilesBuildPhase section */
		07FAA2A31C0235F800CC258A /* CopyFiles */ = {
			isa = PBXCopyFilesBuildPhase;
			buildActionMask = 2147483647;
			dstPath = /usr/share/man/man1/;
			dstSubfolderSpec = 0;
			files = (
			);
			runOnlyForDeploymentPostprocessing = 1;
		};
/* End PBXCopyFilesBuildPhase section */

/* Begin PBXFileReference section */
		07FAA2A51C0235F800CC258A /* Virtual_Desctuctor */ = {isa = PBXFileReference; explicitFileType = "compiled.mach-o.executable"; includeInIndex = 0; path = Virtual_Desctuctor; sourceTree = BUILT_PRODUCTS_DIR; };
		07FAA2A81C0235F800CC258A /* main.cpp */ = {isa = PBXFileReference; lastKnownFileType = sourcecode.cpp.cpp; path = main.cpp; sourceTree = "<group>"; };
/* End PBXFileReference section */

/* Begin PBXFrameworksBuildPhase section */
		07FAA2A21C0235F800CC258A /* Frameworks */ = {
			isa = PBXFrameworksBuildPhase;
			buildActionMask = 2147483647;
			files = (
			);
			runOnlyForDeploymentPostprocessing = 0;
		};
/* End PBXFrameworksBuildPhase section */

/* Begin PBXGroup section */
		07FAA29C1C0235F800CC258A = {
			isa = PBXGroup;
			children = (
				07FAA2A71C0235F800CC258A /* Virtual_Desctuctor */,
				07FAA2A61C0235F800CC258A /* Products */,
			);
			sourceTree = "<group>";
		};
		07FAA2A61C0235F800CC258A /* Products */ = {
			isa = PBXGroup;
			children = (
				07FAA2A51C0235F800CC258A /* Virtual_Desctuctor */,
			);
			name = Products;
			sourceTree = "<group>";
		};
		07FAA2A71C0235F800CC258A /* Virtual_Desctuctor */ = {
			isa = PBXGroup;
			children = (
				07FAA2A81C0235F800CC258A /* main.cpp */,
			);
			path = Virtual_Desctuctor;
			sourceTree = "<group>";
		};
/* End PBXGroup section */

/* Begin PBXNativeTarget section */
		07FAA2A41C0235F800CC258A /* Virtual_Desctuctor */ = {
			isa = PBXNativeTarget;
			buildConfigurationList = 07FAA2AC1C0235F800CC258A /* Build configuration list for PBXNativeTarget "Virtual_Desctuctor" */;
			buildPhases = (
				07FAA2A11C0235F800CC258A /* Sources */,
				07FAA2A21C0235F800CC258A /* Frameworks */,
				07FAA2A31C0235F800CC258A /* CopyFiles */,
			);
			buildRules = (
			);
			dependencies = (
			);
			name = Virtual_Desctuctor;
			productName = Virtual_Desctuctor;
			productReference = 07FAA2A51C0235F800CC258A /* Virtual_Desctuctor */;
			productType = "com.apple.product-type.tool";
		};
/* End PBXNativeTarget section */

/* Begin PBXProject section */
		07FAA29D1C0235F800CC258A /* Project object */ = {
			isa = PBXProject;
			attributes = {
				LastUpgradeCheck = 0700;
				ORGANIZATIONNAME = "Neeraj Kumbhar";
				TargetAttributes = {
					07FAA2A41C0235F800CC258A = {
						CreatedOnToolsVersion = 7.0.1;
					};
				};
			};
			buildConfigurationList = 07FAA2A01C0235F800CC258A /* Build configuration list for PBXProject "Virtual_Desctuctor" */;
			compatibilityVersion = "Xcode 3.2";
			developmentRegion = English;
			hasScannedForEncodings = 0;
			knownRegions = (
				en,
			);
			mainGroup = 07FAA29C1C0235F800CC258A;
			productRefGroup = 07FAA2A61C0235F800CC258A /* Products */;
			projectDirPath = "";
			projectRoot = "";
			targets = (
				07FAA2A41C0235F800CC258A /* Virtual_Desctuctor */,
			);
		};
/* End PBXProject section */

/* Begin PBXSourcesBuildPhase section */
		07FAA2A11C0235F800CC258A /* Sources */ = {
			isa = PBXSourcesBuildPhase;
			buildActionMask = 2147483647;
			files = (
				07FAA2A91C0235F800CC258A /* main.cpp in Sources */,
			);
			runOnlyForDeploymentPostprocessing = 0;
		};
/* End PBXSourcesBuildPhase section */

/* Begin XCBuildConfiguration section */
		07FAA2AA1C0235F800CC258A /* Debug */ = {
			isa = XCBuildConfiguration;
			buildSettings = {
				ALWAYS_SEARCH_USER_PATHS = NO;
				CLANG_CXX_LANGUAGE_STANDARD = "gnu++0x";
				CLANG_CXX_LIBRARY = "libc++";
				CLANG_ENABLE_MODULES = YES;
				CLANG_ENABLE_OBJC_ARC = YES;
				CLANG_WARN_BOOL_CONVERSION = YES;
				CLANG_WARN_CONSTANT_CONVERSION = YES;
				CLANG_WARN_DIRECT_OBJC_ISA_USAGE = YES_ERROR;
				CLANG_WARN_EMPTY_BODY = YES;
				CLANG_WARN_ENUM_CONVERSION = YES;
				CLANG_WARN_INT_CONVERSION = YES;
				CLANG_WARN_OBJC_ROOT_CLASS = YES_ERROR;
				CLANG_WARN_UNREACHABLE_CODE = YES;
				CLANG_WARN__DUPLICATE_METHOD_MATCH = YES;
				COPY_PHASE_STRIP = NO;
				DEBUG_INFORMATION_FORMAT = dwarf;
				ENABLE_STRICT_OBJC_MSGSEND = YES;
				ENABLE_TESTABILITY = YES;
				GCC_C_LANGUAGE_STANDARD = gnu99;
				GCC_DYNAMIC_NO_PIC = NO;
				GCC_NO_COMMON_BLOCKS = YES;
				GCC_OPTIMIZATION_LEVEL = 0;
				GCC_PREPROCESSOR_DEFINITIONS = (
					"DEBUG=1",
					"$(inherited)",
				);
				GCC_WARN_64_TO_32_BIT_CONVERSION = YES;
				GCC_WARN_ABOUT_RETURN_TYPE = YES_ERROR;
				GCC_WARN_UNDECLARED_SELECTOR = YES;
				GCC_WARN_UNINITIALIZED_AUTOS = YES_AGGRESSIVE;
				GCC_WARN_UNUSED_FUNCTION = YES;
				GCC_WARN_UNUSED_VARIABLE = YES;
				MACOSX_DEPLOYMENT_TARGET = 10.10;
				MTL_ENABLE_DEBUG_INFO = YES;
				ONLY_ACTIVE_ARCH = YES;
				SDKROOT = macosx;
			};
			name = Debug;
		};
		07FAA2AB1C0235F800CC258A /* Release */ = {
			isa = XCBuildConfiguration;
			buildSettings = {
				ALWAYS_SEARCH_USER_PATHS = NO;
				CLANG_CXX_LANGUAGE_STANDARD = "gnu++0x";
				CLANG_CXX_LIBRARY = "libc++";
				CLANG_ENABLE_MODULES = YES;
				CLANG_ENABLE_OBJC_ARC = YES;
				CLANG_WARN_BOOL_CONVERSION = YES;
				CLANG_WARN_CONSTANT_CONVERSION = YES;
				CLANG_WARN_DIRECT_OBJC_ISA_USAGE = YES_ERROR;
				CLANG_WARN_EMPTY_BODY = YES;
				CLANG_WARN_ENUM_CONVERSION = YES;
				CLANG_WARN_INT_CONVERSION = YES;
				CLANG_WARN_OBJC_ROOT_CLASS = YES_ERROR;
				CLANG_WARN_UNREACHABLE_CODE = YES;
				CLANG_WARN__DUPLICATE_METHOD_MATCH = YES;
				COPY_PHASE_STRIP = NO;
				DEBUG_INFORMATION_FORMAT = "dwarf-with-dsym";
				ENABLE_NS_ASSERTIONS = NO;
				ENABLE_STRICT_OBJC_MSGSEND = YES;
				GCC_C_LANGUAGE_STANDARD = gnu99;
				GCC_NO_COMMON_BLOCKS = YES;
				GCC_WARN_64_TO_32_BIT_CONVERSION = YES;
				GCC_WARN_ABOUT_RETURN_TYPE = YES_ERROR;
				GCC_WARN_UNDECLARED_SELECTOR = YES;
				GCC_WARN_UNINITIALIZED_AUTOS = YES_AGGRESSIVE;
				GCC_WARN_UNUSED_FUNCTION = YES;
				GCC_WARN_UNUSED_VARIABLE = YES;
				MACOSX_DEPLOYMENT_TARGET = 10.10;
				MTL_ENABLE_DEBUG_INFO = NO;
				SDKROOT = macosx;
			};
			name = Release;
		};
		07FAA2AD1C0235F800CC258A /* Debug */ = {
			isa = XCBuildConfiguration;
			buildSettings = {
				PRODUCT_NAME = "$(TARGET_NAME)";
			};
			name = Debug;
		};
		07FAA2AE1C0235F800CC258A /* Release */ = {
			isa = XCBuildConfiguration;
			buildSettings = {
				PRODUCT_NAME = "$(TARGET_NAME)";
			};
			name = Release;
		};
/* End XCBuildConfiguration section */

/* Begin XCConfigurationList section */
		07FAA2A01C0235F800CC258A /* Build configuration list for PBXProject "Virtual_Desctuctor" */ = {
			isa = XCConfigurationList;
			buildConfigurations = (
				07FAA2AA1C0235F800CC258A /* Debug */,
				07FAA2AB1C0235F800CC258A /* Release */,
			);
			defaultConfigurationIsVisible = 0;
			defaultConfigurationName = Release;
		};
		07FAA2AC1C0235F800CC258A /* Build configuration list for PBXNativeTarget "Virtual_Desctuctor" */ = {
			isa = XCConfigurationList;
			buildConfigurations = (
				07FAA2AD1C0235F800CC258A /* Debug */,
				07FAA2AE1C0235F800CC258A /* Release */,
			);
			defaultConfigurationIsVisible = 0;
		};
/* End XCConfigurationList section */
	};
	rootObject = 07FAA29D1C0235F800CC258A /* Project object */;
}
