// !$*UTF8*$!
{
	archiveVersion = 1;
	classes = {
	};
	objectVersion = 46;
	objects = {

/* Begin PBXBuildFile section */
		07CBD0E41C6A45080083B4A0 /* main.c in Sources */ = {isa = PBXBuildFile; fileRef = 07CBD0E31C6A45080083B4A0 /* main.c */; };
/* End PBXBuildFile section */

/* Begin PBXCopyFilesBuildPhase section */
		07CBD0DE1C6A45080083B4A0 /* CopyFiles */ = {
			isa = PBXCopyFilesBuildPhase;
			buildActionMask = 2147483647;
			dstPath = /usr/share/man/man1/;
			dstSubfolderSpec = 0;
			files = (
			);
			runOnlyForDeploymentPostprocessing = 1;
		};
/* End PBXCopyFilesBuildPhase section */

/* Begin PBXFileReference section */
		07CBD0E01C6A45080083B4A0 /* LinkedListCreate */ = {isa = PBXFileReference; explicitFileType = "compiled.mach-o.executable"; includeInIndex = 0; path = LinkedListCreate; sourceTree = BUILT_PRODUCTS_DIR; };
		07CBD0E31C6A45080083B4A0 /* main.c */ = {isa = PBXFileReference; lastKnownFileType = sourcecode.c.c; path = main.c; sourceTree = "<group>"; };
/* End PBXFileReference section */

/* Begin PBXFrameworksBuildPhase section */
		07CBD0DD1C6A45080083B4A0 /* Frameworks */ = {
			isa = PBXFrameworksBuildPhase;
			buildActionMask = 2147483647;
			files = (
			);
			runOnlyForDeploymentPostprocessing = 0;
		};
/* End PBXFrameworksBuildPhase section */

/* Begin PBXGroup section */
		07CBD0D71C6A45080083B4A0 = {
			isa = PBXGroup;
			children = (
				07CBD0E21C6A45080083B4A0 /* LinkedListCreate */,
				07CBD0E11C6A45080083B4A0 /* Products */,
			);
			sourceTree = "<group>";
		};
		07CBD0E11C6A45080083B4A0 /* Products */ = {
			isa = PBXGroup;
			children = (
				07CBD0E01C6A45080083B4A0 /* LinkedListCreate */,
			);
			name = Products;
			sourceTree = "<group>";
		};
		07CBD0E21C6A45080083B4A0 /* LinkedListCreate */ = {
			isa = PBXGroup;
			children = (
				07CBD0E31C6A45080083B4A0 /* main.c */,
			);
			path = LinkedListCreate;
			sourceTree = "<group>";
		};
/* End PBXGroup section */

/* Begin PBXNativeTarget section */
		07CBD0DF1C6A45080083B4A0 /* LinkedListCreate */ = {
			isa = PBXNativeTarget;
			buildConfigurationList = 07CBD0E71C6A45080083B4A0 /* Build configuration list for PBXNativeTarget "LinkedListCreate" */;
			buildPhases = (
				07CBD0DC1C6A45080083B4A0 /* Sources */,
				07CBD0DD1C6A45080083B4A0 /* Frameworks */,
				07CBD0DE1C6A45080083B4A0 /* CopyFiles */,
			);
			buildRules = (
			);
			dependencies = (
			);
			name = LinkedListCreate;
			productName = LinkedListCreate;
			productReference = 07CBD0E01C6A45080083B4A0 /* LinkedListCreate */;
			productType = "com.apple.product-type.tool";
		};
/* End PBXNativeTarget section */

/* Begin PBXProject section */
		07CBD0D81C6A45080083B4A0 /* Project object */ = {
			isa = PBXProject;
			attributes = {
				LastUpgradeCheck = 0700;
				ORGANIZATIONNAME = "Neeraj Kumbhar";
				TargetAttributes = {
					07CBD0DF1C6A45080083B4A0 = {
						CreatedOnToolsVersion = 7.0.1;
					};
				};
			};
			buildConfigurationList = 07CBD0DB1C6A45080083B4A0 /* Build configuration list for PBXProject "LinkedListCreate" */;
			compatibilityVersion = "Xcode 3.2";
			developmentRegion = English;
			hasScannedForEncodings = 0;
			knownRegions = (
				en,
			);
			mainGroup = 07CBD0D71C6A45080083B4A0;
			productRefGroup = 07CBD0E11C6A45080083B4A0 /* Products */;
			projectDirPath = "";
			projectRoot = "";
			targets = (
				07CBD0DF1C6A45080083B4A0 /* LinkedListCreate */,
			);
		};
/* End PBXProject section */

/* Begin PBXSourcesBuildPhase section */
		07CBD0DC1C6A45080083B4A0 /* Sources */ = {
			isa = PBXSourcesBuildPhase;
			buildActionMask = 2147483647;
			files = (
				07CBD0E41C6A45080083B4A0 /* main.c in Sources */,
			);
			runOnlyForDeploymentPostprocessing = 0;
		};
/* End PBXSourcesBuildPhase section */

/* Begin XCBuildConfiguration section */
		07CBD0E51C6A45080083B4A0 /* Debug */ = {
			isa = XCBuildConfiguration;
			buildSettings = {
				ALWAYS_SEARCH_USER_PATHS = NO;
				CLANG_CXX_LANGUAGE_STANDARD = "gnu++0x";
				CLANG_CXX_LIBRARY = "libc++";
				CLANG_ENABLE_MODULES = YES;
				CLANG_ENABLE_OBJC_ARC = YES;
				CLANG_WARN_BOOL_CONVERSION = YES;
				CLANG_WARN_CONSTANT_CONVERSION = YES;
				CLANG_WARN_DIRECT_OBJC_ISA_USAGE = YES_ERROR;
				CLANG_WARN_EMPTY_BODY = YES;
				CLANG_WARN_ENUM_CONVERSION = YES;
				CLANG_WARN_INT_CONVERSION = YES;
				CLANG_WARN_OBJC_ROOT_CLASS = YES_ERROR;
				CLANG_WARN_UNREACHABLE_CODE = YES;
				CLANG_WARN__DUPLICATE_METHOD_MATCH = YES;
				COPY_PHASE_STRIP = NO;
				DEBUG_INFORMATION_FORMAT = dwarf;
				ENABLE_STRICT_OBJC_MSGSEND = YES;
				ENABLE_TESTABILITY = YES;
				GCC_C_LANGUAGE_STANDARD = gnu99;
				GCC_DYNAMIC_NO_PIC = NO;
				GCC_NO_COMMON_BLOCKS = YES;
				GCC_OPTIMIZATION_LEVEL = 0;
				GCC_PREPROCESSOR_DEFINITIONS = (
					"DEBUG=1",
					"$(inherited)",
				);
				GCC_WARN_64_TO_32_BIT_CONVERSION = YES;
				GCC_WARN_ABOUT_RETURN_TYPE = YES_ERROR;
				GCC_WARN_UNDECLARED_SELECTOR = YES;
				GCC_WARN_UNINITIALIZED_AUTOS = YES_AGGRESSIVE;
				GCC_WARN_UNUSED_FUNCTION = YES;
				GCC_WARN_UNUSED_VARIABLE = YES;
				MACOSX_DEPLOYMENT_TARGET = 10.10;
				MTL_ENABLE_DEBUG_INFO = YES;
				ONLY_ACTIVE_ARCH = YES;
				SDKROOT = macosx;
			};
			name = Debug;
		};
		07CBD0E61C6A45080083B4A0 /* Release */ = {
			isa = XCBuildConfiguration;
			buildSettings = {
				ALWAYS_SEARCH_USER_PATHS = NO;
				CLANG_CXX_LANGUAGE_STANDARD = "gnu++0x";
				CLANG_CXX_LIBRARY = "libc++";
				CLANG_ENABLE_MODULES = YES;
				CLANG_ENABLE_OBJC_ARC = YES;
				CLANG_WARN_BOOL_CONVERSION = YES;
				CLANG_WARN_CONSTANT_CONVERSION = YES;
				CLANG_WARN_DIRECT_OBJC_ISA_USAGE = YES_ERROR;
				CLANG_WARN_EMPTY_BODY = YES;
				CLANG_WARN_ENUM_CONVERSION = YES;
				CLANG_WARN_INT_CONVERSION = YES;
				CLANG_WARN_OBJC_ROOT_CLASS = YES_ERROR;
				CLANG_WARN_UNREACHABLE_CODE = YES;
				CLANG_WARN__DUPLICATE_METHOD_MATCH = YES;
				COPY_PHASE_STRIP = NO;
				DEBUG_INFORMATION_FORMAT = "dwarf-with-dsym";
				ENABLE_NS_ASSERTIONS = NO;
				ENABLE_STRICT_OBJC_MSGSEND = YES;
				GCC_C_LANGUAGE_STANDARD = gnu99;
				GCC_NO_COMMON_BLOCKS = YES;
				GCC_WARN_64_TO_32_BIT_CONVERSION = YES;
				GCC_WARN_ABOUT_RETURN_TYPE = YES_ERROR;
				GCC_WARN_UNDECLARED_SELECTOR = YES;
				GCC_WARN_UNINITIALIZED_AUTOS = YES_AGGRESSIVE;
				GCC_WARN_UNUSED_FUNCTION = YES;
				GCC_WARN_UNUSED_VARIABLE = YES;
				MACOSX_DEPLOYMENT_TARGET = 10.10;
				MTL_ENABLE_DEBUG_INFO = NO;
				SDKROOT = macosx;
			};
			name = Release;
		};
		07CBD0E81C6A45080083B4A0 /* Debug */ = {
			isa = XCBuildConfiguration;
			buildSettings = {
				PRODUCT_NAME = "$(TARGET_NAME)";
			};
			name = Debug;
		};
		07CBD0E91C6A45080083B4A0 /* Release */ = {
			isa = XCBuildConfiguration;
			buildSettings = {
				PRODUCT_NAME = "$(TARGET_NAME)";
			};
			name = Release;
		};
/* End XCBuildConfiguration section */

/* Begin XCConfigurationList section */
		07CBD0DB1C6A45080083B4A0 /* Build configuration list for PBXProject "LinkedListCreate" */ = {
			isa = XCConfigurationList;
			buildConfigurations = (
				07CBD0E51C6A45080083B4A0 /* Debug */,
				07CBD0E61C6A45080083B4A0 /* Release */,
			);
			defaultConfigurationIsVisible = 0;
			defaultConfigurationName = Release;
		};
		07CBD0E71C6A45080083B4A0 /* Build configuration list for PBXNativeTarget "LinkedListCreate" */ = {
			isa = XCConfigurationList;
			buildConfigurations = (
				07CBD0E81C6A45080083B4A0 /* Debug */,
				07CBD0E91C6A45080083B4A0 /* Release */,
			);
			defaultConfigurationIsVisible = 0;
		};
/* End XCConfigurationList section */
	};
	rootObject = 07CBD0D81C6A45080083B4A0 /* Project object */;
}
