// !$*UTF8*$!
{
	archiveVersion = 1;
	classes = {
	};
	objectVersion = 46;
	objects = {

/* Begin PBXBuildFile section */
		073BD80B1AF6F3F300ABA737 /* main.c in Sources */ = {isa = PBXBuildFile; fileRef = 073BD80A1AF6F3F300ABA737 /* main.c */; };
/* End PBXBuildFile section */

/* Begin PBXCopyFilesBuildPhase section */
		073BD8051AF6F3F300ABA737 /* CopyFiles */ = {
			isa = PBXCopyFilesBuildPhase;
			buildActionMask = 2147483647;
			dstPath = /usr/share/man/man1/;
			dstSubfolderSpec = 0;
			files = (
			);
			runOnlyForDeploymentPostprocessing = 1;
		};
/* End PBXCopyFilesBuildPhase section */

/* Begin PBXFileReference section */
		073BD8071AF6F3F300ABA737 /* pthreads */ = {isa = PBXFileReference; explicitFileType = "compiled.mach-o.executable"; includeInIndex = 0; path = pthreads; sourceTree = BUILT_PRODUCTS_DIR; };
		073BD80A1AF6F3F300ABA737 /* main.c */ = {isa = PBXFileReference; lastKnownFileType = sourcecode.c.c; path = main.c; sourceTree = "<group>"; };
/* End PBXFileReference section */

/* Begin PBXFrameworksBuildPhase section */
		073BD8041AF6F3F300ABA737 /* Frameworks */ = {
			isa = PBXFrameworksBuildPhase;
			buildActionMask = 2147483647;
			files = (
			);
			runOnlyForDeploymentPostprocessing = 0;
		};
/* End PBXFrameworksBuildPhase section */

/* Begin PBXGroup section */
		073BD7FE1AF6F3F300ABA737 = {
			isa = PBXGroup;
			children = (
				073BD8091AF6F3F300ABA737 /* pthreads */,
				073BD8081AF6F3F300ABA737 /* Products */,
			);
			sourceTree = "<group>";
		};
		073BD8081AF6F3F300ABA737 /* Products */ = {
			isa = PBXGroup;
			children = (
				073BD8071AF6F3F300ABA737 /* pthreads */,
			);
			name = Products;
			sourceTree = "<group>";
		};
		073BD8091AF6F3F300ABA737 /* pthreads */ = {
			isa = PBXGroup;
			children = (
				073BD80A1AF6F3F300ABA737 /* main.c */,
			);
			path = pthreads;
			sourceTree = "<group>";
		};
/* End PBXGroup section */

/* Begin PBXNativeTarget section */
		073BD8061AF6F3F300ABA737 /* pthreads */ = {
			isa = PBXNativeTarget;
			buildConfigurationList = 073BD80E1AF6F3F300ABA737 /* Build configuration list for PBXNativeTarget "pthreads" */;
			buildPhases = (
				073BD8031AF6F3F300ABA737 /* Sources */,
				073BD8041AF6F3F300ABA737 /* Frameworks */,
				073BD8051AF6F3F300ABA737 /* CopyFiles */,
			);
			buildRules = (
			);
			dependencies = (
			);
			name = pthreads;
			productName = pthreads;
			productReference = 073BD8071AF6F3F300ABA737 /* pthreads */;
			productType = "com.apple.product-type.tool";
		};
/* End PBXNativeTarget section */

/* Begin PBXProject section */
		073BD7FF1AF6F3F300ABA737 /* Project object */ = {
			isa = PBXProject;
			attributes = {
				LastUpgradeCheck = 0610;
				ORGANIZATIONNAME = "Neeraj Kumbhar";
				TargetAttributes = {
					073BD8061AF6F3F300ABA737 = {
						CreatedOnToolsVersion = 6.1.1;
					};
				};
			};
			buildConfigurationList = 073BD8021AF6F3F300ABA737 /* Build configuration list for PBXProject "pthreads" */;
			compatibilityVersion = "Xcode 3.2";
			developmentRegion = English;
			hasScannedForEncodings = 0;
			knownRegions = (
				en,
			);
			mainGroup = 073BD7FE1AF6F3F300ABA737;
			productRefGroup = 073BD8081AF6F3F300ABA737 /* Products */;
			projectDirPath = "";
			projectRoot = "";
			targets = (
				073BD8061AF6F3F300ABA737 /* pthreads */,
			);
		};
/* End PBXProject section */

/* Begin PBXSourcesBuildPhase section */
		073BD8031AF6F3F300ABA737 /* Sources */ = {
			isa = PBXSourcesBuildPhase;
			buildActionMask = 2147483647;
			files = (
				073BD80B1AF6F3F300ABA737 /* main.c in Sources */,
			);
			runOnlyForDeploymentPostprocessing = 0;
		};
/* End PBXSourcesBuildPhase section */

/* Begin XCBuildConfiguration section */
		073BD80C1AF6F3F300ABA737 /* Debug */ = {
			isa = XCBuildConfiguration;
			buildSettings = {
				ALWAYS_SEARCH_USER_PATHS = NO;
				CLANG_CXX_LANGUAGE_STANDARD = "gnu++0x";
				CLANG_CXX_LIBRARY = "libc++";
				CLANG_ENABLE_MODULES = YES;
				CLANG_ENABLE_OBJC_ARC = YES;
				CLANG_WARN_BOOL_CONVERSION = YES;
				CLANG_WARN_CONSTANT_CONVERSION = YES;
				CLANG_WARN_DIRECT_OBJC_ISA_USAGE = YES_ERROR;
				CLANG_WARN_EMPTY_BODY = YES;
				CLANG_WARN_ENUM_CONVERSION = YES;
				CLANG_WARN_INT_CONVERSION = YES;
				CLANG_WARN_OBJC_ROOT_CLASS = YES_ERROR;
				CLANG_WARN_UNREACHABLE_CODE = YES;
				CLANG_WARN__DUPLICATE_METHOD_MATCH = YES;
				COPY_PHASE_STRIP = NO;
				ENABLE_STRICT_OBJC_MSGSEND = YES;
				GCC_C_LANGUAGE_STANDARD = gnu99;
				GCC_DYNAMIC_NO_PIC = NO;
				GCC_OPTIMIZATION_LEVEL = 0;
				GCC_PREPROCESSOR_DEFINITIONS = (
					"DEBUG=1",
					"$(inherited)",
				);
				GCC_SYMBOLS_PRIVATE_EXTERN = NO;
				GCC_WARN_64_TO_32_BIT_CONVERSION = YES;
				GCC_WARN_ABOUT_RETURN_TYPE = YES_ERROR;
				GCC_WARN_UNDECLARED_SELECTOR = YES;
				GCC_WARN_UNINITIALIZED_AUTOS = YES_AGGRESSIVE;
				GCC_WARN_UNUSED_FUNCTION = YES;
				GCC_WARN_UNUSED_VARIABLE = YES;
				MACOSX_DEPLOYMENT_TARGET = 10.10;
				MTL_ENABLE_DEBUG_INFO = YES;
				ONLY_ACTIVE_ARCH = YES;
				SDKROOT = macosx;
			};
			name = Debug;
		};
		073BD80D1AF6F3F300ABA737 /* Release */ = {
			isa = XCBuildConfiguration;
			buildSettings = {
				ALWAYS_SEARCH_USER_PATHS = NO;
				CLANG_CXX_LANGUAGE_STANDARD = "gnu++0x";
				CLANG_CXX_LIBRARY = "libc++";
				CLANG_ENABLE_MODULES = YES;
				CLANG_ENABLE_OBJC_ARC = YES;
				CLANG_WARN_BOOL_CONVERSION = YES;
				CLANG_WARN_CONSTANT_CONVERSION = YES;
				CLANG_WARN_DIRECT_OBJC_ISA_USAGE = YES_ERROR;
				CLANG_WARN_EMPTY_BODY = YES;
				CLANG_WARN_ENUM_CONVERSION = YES;
				CLANG_WARN_INT_CONVERSION = YES;
				CLANG_WARN_OBJC_ROOT_CLASS = YES_ERROR;
				CLANG_WARN_UNREACHABLE_CODE = YES;
				CLANG_WARN__DUPLICATE_METHOD_MATCH = YES;
				COPY_PHASE_STRIP = YES;
				DEBUG_INFORMATION_FORMAT = "dwarf-with-dsym";
				ENABLE_NS_ASSERTIONS = NO;
				ENABLE_STRICT_OBJC_MSGSEND = YES;
				GCC_C_LANGUAGE_STANDARD = gnu99;
				GCC_WARN_64_TO_32_BIT_CONVERSION = YES;
				GCC_WARN_ABOUT_RETURN_TYPE = YES_ERROR;
				GCC_WARN_UNDECLARED_SELECTOR = YES;
				GCC_WARN_UNINITIALIZED_AUTOS = YES_AGGRESSIVE;
				GCC_WARN_UNUSED_FUNCTION = YES;
				GCC_WARN_UNUSED_VARIABLE = YES;
				MACOSX_DEPLOYMENT_TARGET = 10.10;
				MTL_ENABLE_DEBUG_INFO = NO;
				SDKROOT = macosx;
			};
			name = Release;
		};
		073BD80F1AF6F3F300ABA737 /* Debug */ = {
			isa = XCBuildConfiguration;
			buildSettings = {
				PRODUCT_NAME = "$(TARGET_NAME)";
			};
			name = Debug;
		};
		073BD8101AF6F3F300ABA737 /* Release */ = {
			isa = XCBuildConfiguration;
			buildSettings = {
				PRODUCT_NAME = "$(TARGET_NAME)";
			};
			name = Release;
		};
/* End XCBuildConfiguration section */

/* Begin XCConfigurationList section */
		073BD8021AF6F3F300ABA737 /* Build configuration list for PBXProject "pthreads" */ = {
			isa = XCConfigurationList;
			buildConfigurations = (
				073BD80C1AF6F3F300ABA737 /* Debug */,
				073BD80D1AF6F3F300ABA737 /* Release */,
			);
			defaultConfigurationIsVisible = 0;
			defaultConfigurationName = Release;
		};
		073BD80E1AF6F3F300ABA737 /* Build configuration list for PBXNativeTarget "pthreads" */ = {
			isa = XCConfigurationList;
			buildConfigurations = (
				073BD80F1AF6F3F300ABA737 /* Debug */,
				073BD8101AF6F3F300ABA737 /* Release */,
			);
			defaultConfigurationIsVisible = 0;
		};
/* End XCConfigurationList section */
	};
	rootObject = 073BD7FF1AF6F3F300ABA737 /* Project object */;
}
