// !$*UTF8*$!
{
	archiveVersion = 1;
	classes = {
	};
	objectVersion = 46;
	objects = {

/* Begin PBXBuildFile section */
		07FAA2CF1C04FA9A00CC258A /* main.cpp in Sources */ = {isa = PBXBuildFile; fileRef = 07FAA2CE1C04FA9A00CC258A /* main.cpp */; };
/* End PBXBuildFile section */

/* Begin PBXCopyFilesBuildPhase section */
		07FAA2C91C04FA9A00CC258A /* CopyFiles */ = {
			isa = PBXCopyFilesBuildPhase;
			buildActionMask = 2147483647;
			dstPath = /usr/share/man/man1/;
			dstSubfolderSpec = 0;
			files = (
			);
			runOnlyForDeploymentPostprocessing = 1;
		};
/* End PBXCopyFilesBuildPhase section */

/* Begin PBXFileReference section */
		07FAA2CB1C04FA9A00CC258A /* friend_class */ = {isa = PBXFileReference; explicitFileType = "compiled.mach-o.executable"; includeInIndex = 0; path = friend_class; sourceTree = BUILT_PRODUCTS_DIR; };
		07FAA2CE1C04FA9A00CC258A /* main.cpp */ = {isa = PBXFileReference; lastKnownFileType = sourcecode.cpp.cpp; path = main.cpp; sourceTree = "<group>"; };
/* End PBXFileReference section */

/* Begin PBXFrameworksBuildPhase section */
		07FAA2C81C04FA9A00CC258A /* Frameworks */ = {
			isa = PBXFrameworksBuildPhase;
			buildActionMask = 2147483647;
			files = (
			);
			runOnlyForDeploymentPostprocessing = 0;
		};
/* End PBXFrameworksBuildPhase section */

/* Begin PBXGroup section */
		07FAA2C21C04FA9A00CC258A = {
			isa = PBXGroup;
			children = (
				07FAA2CD1C04FA9A00CC258A /* friend_class */,
				07FAA2CC1C04FA9A00CC258A /* Products */,
			);
			sourceTree = "<group>";
		};
		07FAA2CC1C04FA9A00CC258A /* Products */ = {
			isa = PBXGroup;
			children = (
				07FAA2CB1C04FA9A00CC258A /* friend_class */,
			);
			name = Products;
			sourceTree = "<group>";
		};
		07FAA2CD1C04FA9A00CC258A /* friend_class */ = {
			isa = PBXGroup;
			children = (
				07FAA2CE1C04FA9A00CC258A /* main.cpp */,
			);
			path = friend_class;
			sourceTree = "<group>";
		};
/* End PBXGroup section */

/* Begin PBXNativeTarget section */
		07FAA2CA1C04FA9A00CC258A /* friend_class */ = {
			isa = PBXNativeTarget;
			buildConfigurationList = 07FAA2D21C04FA9A00CC258A /* Build configuration list for PBXNativeTarget "friend_class" */;
			buildPhases = (
				07FAA2C71C04FA9A00CC258A /* Sources */,
				07FAA2C81C04FA9A00CC258A /* Frameworks */,
				07FAA2C91C04FA9A00CC258A /* CopyFiles */,
			);
			buildRules = (
			);
			dependencies = (
			);
			name = friend_class;
			productName = friend_class;
			productReference = 07FAA2CB1C04FA9A00CC258A /* friend_class */;
			productType = "com.apple.product-type.tool";
		};
/* End PBXNativeTarget section */

/* Begin PBXProject section */
		07FAA2C31C04FA9A00CC258A /* Project object */ = {
			isa = PBXProject;
			attributes = {
				LastUpgradeCheck = 0700;
				ORGANIZATIONNAME = "Neeraj Kumbhar";
				TargetAttributes = {
					07FAA2CA1C04FA9A00CC258A = {
						CreatedOnToolsVersion = 7.0.1;
					};
				};
			};
			buildConfigurationList = 07FAA2C61C04FA9A00CC258A /* Build configuration list for PBXProject "friend_class" */;
			compatibilityVersion = "Xcode 3.2";
			developmentRegion = English;
			hasScannedForEncodings = 0;
			knownRegions = (
				en,
			);
			mainGroup = 07FAA2C21C04FA9A00CC258A;
			productRefGroup = 07FAA2CC1C04FA9A00CC258A /* Products */;
			projectDirPath = "";
			projectRoot = "";
			targets = (
				07FAA2CA1C04FA9A00CC258A /* friend_class */,
			);
		};
/* End PBXProject section */

/* Begin PBXSourcesBuildPhase section */
		07FAA2C71C04FA9A00CC258A /* Sources */ = {
			isa = PBXSourcesBuildPhase;
			buildActionMask = 2147483647;
			files = (
				07FAA2CF1C04FA9A00CC258A /* main.cpp in Sources */,
			);
			runOnlyForDeploymentPostprocessing = 0;
		};
/* End PBXSourcesBuildPhase section */

/* Begin XCBuildConfiguration section */
		07FAA2D01C04FA9A00CC258A /* Debug */ = {
			isa = XCBuildConfiguration;
			buildSettings = {
				ALWAYS_SEARCH_USER_PATHS = NO;
				CLANG_CXX_LANGUAGE_STANDARD = "gnu++0x";
				CLANG_CXX_LIBRARY = "libc++";
				CLANG_ENABLE_MODULES = YES;
				CLANG_ENABLE_OBJC_ARC = YES;
				CLANG_WARN_BOOL_CONVERSION = YES;
				CLANG_WARN_CONSTANT_CONVERSION = YES;
				CLANG_WARN_DIRECT_OBJC_ISA_USAGE = YES_ERROR;
				CLANG_WARN_EMPTY_BODY = YES;
				CLANG_WARN_ENUM_CONVERSION = YES;
				CLANG_WARN_INT_CONVERSION = YES;
				CLANG_WARN_OBJC_ROOT_CLASS = YES_ERROR;
				CLANG_WARN_UNREACHABLE_CODE = YES;
				CLANG_WARN__DUPLICATE_METHOD_MATCH = YES;
				COPY_PHASE_STRIP = NO;
				DEBUG_INFORMATION_FORMAT = dwarf;
				ENABLE_STRICT_OBJC_MSGSEND = YES;
				ENABLE_TESTABILITY = YES;
				GCC_C_LANGUAGE_STANDARD = gnu99;
				GCC_DYNAMIC_NO_PIC = NO;
				GCC_NO_COMMON_BLOCKS = YES;
				GCC_OPTIMIZATION_LEVEL = 0;
				GCC_PREPROCESSOR_DEFINITIONS = (
					"DEBUG=1",
					"$(inherited)",
				);
				GCC_WARN_64_TO_32_BIT_CONVERSION = YES;
				GCC_WARN_ABOUT_RETURN_TYPE = YES_ERROR;
				GCC_WARN_UNDECLARED_SELECTOR = YES;
				GCC_WARN_UNINITIALIZED_AUTOS = YES_AGGRESSIVE;
				GCC_WARN_UNUSED_FUNCTION = YES;
				GCC_WARN_UNUSED_VARIABLE = YES;
				MACOSX_DEPLOYMENT_TARGET = 10.10;
				MTL_ENABLE_DEBUG_INFO = YES;
				ONLY_ACTIVE_ARCH = YES;
				SDKROOT = macosx;
			};
			name = Debug;
		};
		07FAA2D11C04FA9A00CC258A /* Release */ = {
			isa = XCBuildConfiguration;
			buildSettings = {
				ALWAYS_SEARCH_USER_PATHS = NO;
				CLANG_CXX_LANGUAGE_STANDARD = "gnu++0x";
				CLANG_CXX_LIBRARY = "libc++";
				CLANG_ENABLE_MODULES = YES;
				CLANG_ENABLE_OBJC_ARC = YES;
				CLANG_WARN_BOOL_CONVERSION = YES;
				CLANG_WARN_CONSTANT_CONVERSION = YES;
				CLANG_WARN_DIRECT_OBJC_ISA_USAGE = YES_ERROR;
				CLANG_WARN_EMPTY_BODY = YES;
				CLANG_WARN_ENUM_CONVERSION = YES;
				CLANG_WARN_INT_CONVERSION = YES;
				CLANG_WARN_OBJC_ROOT_CLASS = YES_ERROR;
				CLANG_WARN_UNREACHABLE_CODE = YES;
				CLANG_WARN__DUPLICATE_METHOD_MATCH = YES;
				COPY_PHASE_STRIP = NO;
				DEBUG_INFORMATION_FORMAT = "dwarf-with-dsym";
				ENABLE_NS_ASSERTIONS = NO;
				ENABLE_STRICT_OBJC_MSGSEND = YES;
				GCC_C_LANGUAGE_STANDARD = gnu99;
				GCC_NO_COMMON_BLOCKS = YES;
				GCC_WARN_64_TO_32_BIT_CONVERSION = YES;
				GCC_WARN_ABOUT_RETURN_TYPE = YES_ERROR;
				GCC_WARN_UNDECLARED_SELECTOR = YES;
				GCC_WARN_UNINITIALIZED_AUTOS = YES_AGGRESSIVE;
				GCC_WARN_UNUSED_FUNCTION = YES;
				GCC_WARN_UNUSED_VARIABLE = YES;
				MACOSX_DEPLOYMENT_TARGET = 10.10;
				MTL_ENABLE_DEBUG_INFO = NO;
				SDKROOT = macosx;
			};
			name = Release;
		};
		07FAA2D31C04FA9A00CC258A /* Debug */ = {
			isa = XCBuildConfiguration;
			buildSettings = {
				PRODUCT_NAME = "$(TARGET_NAME)";
			};
			name = Debug;
		};
		07FAA2D41C04FA9A00CC258A /* Release */ = {
			isa = XCBuildConfiguration;
			buildSettings = {
				PRODUCT_NAME = "$(TARGET_NAME)";
			};
			name = Release;
		};
/* End XCBuildConfiguration section */

/* Begin XCConfigurationList section */
		07FAA2C61C04FA9A00CC258A /* Build configuration list for PBXProject "friend_class" */ = {
			isa = XCConfigurationList;
			buildConfigurations = (
				07FAA2D01C04FA9A00CC258A /* Debug */,
				07FAA2D11C04FA9A00CC258A /* Release */,
			);
			defaultConfigurationIsVisible = 0;
			defaultConfigurationName = Release;
		};
		07FAA2D21C04FA9A00CC258A /* Build configuration list for PBXNativeTarget "friend_class" */ = {
			isa = XCConfigurationList;
			buildConfigurations = (
				07FAA2D31C04FA9A00CC258A /* Debug */,
				07FAA2D41C04FA9A00CC258A /* Release */,
			);
			defaultConfigurationIsVisible = 0;
		};
/* End XCConfigurationList section */
	};
	rootObject = 07FAA2C31C04FA9A00CC258A /* Project object */;
}
