// !$*UTF8*$!
{
	archiveVersion = 1;
	classes = {
	};
	objectVersion = 46;
	objects = {

/* Begin PBXBuildFile section */
		07B90F3D1C7FBB0300F0DFFB /* main.c in Sources */ = {isa = PBXBuildFile; fileRef = 07B90F3C1C7FBB0300F0DFFB /* main.c */; };
/* End PBXBuildFile section */

/* Begin PBXCopyFilesBuildPhase section */
		07B90F371C7FBB0300F0DFFB /* CopyFiles */ = {
			isa = PBXCopyFilesBuildPhase;
			buildActionMask = 2147483647;
			dstPath = /usr/share/man/man1/;
			dstSubfolderSpec = 0;
			files = (
			);
			runOnlyForDeploymentPostprocessing = 1;
		};
/* End PBXCopyFilesBuildPhase section */

/* Begin PBXFileReference section */
		07B90F391C7FBB0300F0DFFB /* hashing_LinearProbing */ = {isa = PBXFileReference; explicitFileType = "compiled.mach-o.executable"; includeInIndex = 0; path = hashing_LinearProbing; sourceTree = BUILT_PRODUCTS_DIR; };
		07B90F3C1C7FBB0300F0DFFB /* main.c */ = {isa = PBXFileReference; lastKnownFileType = sourcecode.c.c; path = main.c; sourceTree = "<group>"; };
/* End PBXFileReference section */

/* Begin PBXFrameworksBuildPhase section */
		07B90F361C7FBB0300F0DFFB /* Frameworks */ = {
			isa = PBXFrameworksBuildPhase;
			buildActionMask = 2147483647;
			files = (
			);
			runOnlyForDeploymentPostprocessing = 0;
		};
/* End PBXFrameworksBuildPhase section */

/* Begin PBXGroup section */
		07B90F301C7FBB0300F0DFFB = {
			isa = PBXGroup;
			children = (
				07B90F3B1C7FBB0300F0DFFB /* hashing_LinearProbing */,
				07B90F3A1C7FBB0300F0DFFB /* Products */,
			);
			sourceTree = "<group>";
		};
		07B90F3A1C7FBB0300F0DFFB /* Products */ = {
			isa = PBXGroup;
			children = (
				07B90F391C7FBB0300F0DFFB /* hashing_LinearProbing */,
			);
			name = Products;
			sourceTree = "<group>";
		};
		07B90F3B1C7FBB0300F0DFFB /* hashing_LinearProbing */ = {
			isa = PBXGroup;
			children = (
				07B90F3C1C7FBB0300F0DFFB /* main.c */,
			);
			path = hashing_LinearProbing;
			sourceTree = "<group>";
		};
/* End PBXGroup section */

/* Begin PBXNativeTarget section */
		07B90F381C7FBB0300F0DFFB /* hashing_LinearProbing */ = {
			isa = PBXNativeTarget;
			buildConfigurationList = 07B90F401C7FBB0300F0DFFB /* Build configuration list for PBXNativeTarget "hashing_LinearProbing" */;
			buildPhases = (
				07B90F351C7FBB0300F0DFFB /* Sources */,
				07B90F361C7FBB0300F0DFFB /* Frameworks */,
				07B90F371C7FBB0300F0DFFB /* CopyFiles */,
			);
			buildRules = (
			);
			dependencies = (
			);
			name = hashing_LinearProbing;
			productName = hashing_LinearProbing;
			productReference = 07B90F391C7FBB0300F0DFFB /* hashing_LinearProbing */;
			productType = "com.apple.product-type.tool";
		};
/* End PBXNativeTarget section */

/* Begin PBXProject section */
		07B90F311C7FBB0300F0DFFB /* Project object */ = {
			isa = PBXProject;
			attributes = {
				LastUpgradeCheck = 0720;
				ORGANIZATIONNAME = "Neeraj Kumbhar";
				TargetAttributes = {
					07B90F381C7FBB0300F0DFFB = {
						CreatedOnToolsVersion = 7.2.1;
					};
				};
			};
			buildConfigurationList = 07B90F341C7FBB0300F0DFFB /* Build configuration list for PBXProject "hashing_LinearProbing" */;
			compatibilityVersion = "Xcode 3.2";
			developmentRegion = English;
			hasScannedForEncodings = 0;
			knownRegions = (
				en,
			);
			mainGroup = 07B90F301C7FBB0300F0DFFB;
			productRefGroup = 07B90F3A1C7FBB0300F0DFFB /* Products */;
			projectDirPath = "";
			projectRoot = "";
			targets = (
				07B90F381C7FBB0300F0DFFB /* hashing_LinearProbing */,
			);
		};
/* End PBXProject section */

/* Begin PBXSourcesBuildPhase section */
		07B90F351C7FBB0300F0DFFB /* Sources */ = {
			isa = PBXSourcesBuildPhase;
			buildActionMask = 2147483647;
			files = (
				07B90F3D1C7FBB0300F0DFFB /* main.c in Sources */,
			);
			runOnlyForDeploymentPostprocessing = 0;
		};
/* End PBXSourcesBuildPhase section */

/* Begin XCBuildConfiguration section */
		07B90F3E1C7FBB0300F0DFFB /* Debug */ = {
			isa = XCBuildConfiguration;
			buildSettings = {
				ALWAYS_SEARCH_USER_PATHS = NO;
				CLANG_CXX_LANGUAGE_STANDARD = "gnu++0x";
				CLANG_CXX_LIBRARY = "libc++";
				CLANG_ENABLE_MODULES = YES;
				CLANG_ENABLE_OBJC_ARC = YES;
				CLANG_WARN_BOOL_CONVERSION = YES;
				CLANG_WARN_CONSTANT_CONVERSION = YES;
				CLANG_WARN_DIRECT_OBJC_ISA_USAGE = YES_ERROR;
				CLANG_WARN_EMPTY_BODY = YES;
				CLANG_WARN_ENUM_CONVERSION = YES;
				CLANG_WARN_INT_CONVERSION = YES;
				CLANG_WARN_OBJC_ROOT_CLASS = YES_ERROR;
				CLANG_WARN_UNREACHABLE_CODE = YES;
				CLANG_WARN__DUPLICATE_METHOD_MATCH = YES;
				CODE_SIGN_IDENTITY = "-";
				COPY_PHASE_STRIP = NO;
				DEBUG_INFORMATION_FORMAT = dwarf;
				ENABLE_STRICT_OBJC_MSGSEND = YES;
				ENABLE_TESTABILITY = YES;
				GCC_C_LANGUAGE_STANDARD = gnu99;
				GCC_DYNAMIC_NO_PIC = NO;
				GCC_NO_COMMON_BLOCKS = YES;
				GCC_OPTIMIZATION_LEVEL = 0;
				GCC_PREPROCESSOR_DEFINITIONS = (
					"DEBUG=1",
					"$(inherited)",
				);
				GCC_WARN_64_TO_32_BIT_CONVERSION = YES;
				GCC_WARN_ABOUT_RETURN_TYPE = YES_ERROR;
				GCC_WARN_UNDECLARED_SELECTOR = YES;
				GCC_WARN_UNINITIALIZED_AUTOS = YES_AGGRESSIVE;
				GCC_WARN_UNUSED_FUNCTION = YES;
				GCC_WARN_UNUSED_VARIABLE = YES;
				MACOSX_DEPLOYMENT_TARGET = 10.10;
				MTL_ENABLE_DEBUG_INFO = YES;
				ONLY_ACTIVE_ARCH = YES;
				SDKROOT = macosx;
			};
			name = Debug;
		};
		07B90F3F1C7FBB0300F0DFFB /* Release */ = {
			isa = XCBuildConfiguration;
			buildSettings = {
				ALWAYS_SEARCH_USER_PATHS = NO;
				CLANG_CXX_LANGUAGE_STANDARD = "gnu++0x";
				CLANG_CXX_LIBRARY = "libc++";
				CLANG_ENABLE_MODULES = YES;
				CLANG_ENABLE_OBJC_ARC = YES;
				CLANG_WARN_BOOL_CONVERSION = YES;
				CLANG_WARN_CONSTANT_CONVERSION = YES;
				CLANG_WARN_DIRECT_OBJC_ISA_USAGE = YES_ERROR;
				CLANG_WARN_EMPTY_BODY = YES;
				CLANG_WARN_ENUM_CONVERSION = YES;
				CLANG_WARN_INT_CONVERSION = YES;
				CLANG_WARN_OBJC_ROOT_CLASS = YES_ERROR;
				CLANG_WARN_UNREACHABLE_CODE = YES;
				CLANG_WARN__DUPLICATE_METHOD_MATCH = YES;
				CODE_SIGN_IDENTITY = "-";
				COPY_PHASE_STRIP = NO;
				DEBUG_INFORMATION_FORMAT = "dwarf-with-dsym";
				ENABLE_NS_ASSERTIONS = NO;
				ENABLE_STRICT_OBJC_MSGSEND = YES;
				GCC_C_LANGUAGE_STANDARD = gnu99;
				GCC_NO_COMMON_BLOCKS = YES;
				GCC_WARN_64_TO_32_BIT_CONVERSION = YES;
				GCC_WARN_ABOUT_RETURN_TYPE = YES_ERROR;
				GCC_WARN_UNDECLARED_SELECTOR = YES;
				GCC_WARN_UNINITIALIZED_AUTOS = YES_AGGRESSIVE;
				GCC_WARN_UNUSED_FUNCTION = YES;
				GCC_WARN_UNUSED_VARIABLE = YES;
				MACOSX_DEPLOYMENT_TARGET = 10.10;
				MTL_ENABLE_DEBUG_INFO = NO;
				SDKROOT = macosx;
			};
			name = Release;
		};
		07B90F411C7FBB0300F0DFFB /* Debug */ = {
			isa = XCBuildConfiguration;
			buildSettings = {
				PRODUCT_NAME = "$(TARGET_NAME)";
			};
			name = Debug;
		};
		07B90F421C7FBB0300F0DFFB /* Release */ = {
			isa = XCBuildConfiguration;
			buildSettings = {
				PRODUCT_NAME = "$(TARGET_NAME)";
			};
			name = Release;
		};
/* End XCBuildConfiguration section */

/* Begin XCConfigurationList section */
		07B90F341C7FBB0300F0DFFB /* Build configuration list for PBXProject "hashing_LinearProbing" */ = {
			isa = XCConfigurationList;
			buildConfigurations = (
				07B90F3E1C7FBB0300F0DFFB /* Debug */,
				07B90F3F1C7FBB0300F0DFFB /* Release */,
			);
			defaultConfigurationIsVisible = 0;
			defaultConfigurationName = Release;
		};
		07B90F401C7FBB0300F0DFFB /* Build configuration list for PBXNativeTarget "hashing_LinearProbing" */ = {
			isa = XCConfigurationList;
			buildConfigurations = (
				07B90F411C7FBB0300F0DFFB /* Debug */,
				07B90F421C7FBB0300F0DFFB /* Release */,
			);
			defaultConfigurationIsVisible = 0;
		};
/* End XCConfigurationList section */
	};
	rootObject = 07B90F311C7FBB0300F0DFFB /* Project object */;
}
